<Solution>
  <Folder Name="/Solution Items/">
    <File Path="docs/RULES.md" />
    <File Path="LICENSE.txt" />
    <File Path="README.md" />
  </Folder>
  <Project Path="src/MiraasWeb/MiraasWeb.csproj" Id="b864db37-226f-4124-a155-e26b04592f6e" />
  <Project Path="tests/Miraas.Tests/Miraas.Tests.csproj" Id="d7c69ceb-70c2-45e7-9675-d060b9454019" />
</Solution>
